
Microsoft Visual Studio Solution File, Format Version 12.00
# Visual Studio Version 17
VisualStudioVersion = 17.7.34031.279
MinimumVisualStudioVersion = 10.0.40219.1
Project("{9A19103F-16F7-4668-BE54-9A1E7A4F7556}") = "jammer", "jammer.csproj", "{3AD9F74E-DC75-4970-9D49-80AD77014223}"
EndProject
Global
	GlobalSection(SolutionConfigurationPlatforms) = preSolution
		Debug|Any CPU = Debug|Any CPU
		Release|Any CPU = Release|Any CPU
	EndGlobalSection
	GlobalSection(ProjectConfigurationPlatforms) = postSolution
		{3AD9F74E-DC75-4970-9D49-80AD77014223}.Debug|Any CPU.ActiveCfg = Debug|Any CPU
		{3AD9F74E-DC75-4970-9D49-80AD77014223}.Debug|Any CPU.Build.0 = Debug|Any CPU
		{3AD9F74E-DC75-4970-9D49-80AD77014223}.Release|Any CPU.ActiveCfg = Release|Any CPU
		{3AD9F74E-DC75-4970-9D49-80AD77014223}.Release|Any CPU.Build.0 = Release|Any CPU
	EndGlobalSection
	GlobalSection(SolutionProperties) = preSolution
		HideSolutionNode = FALSE
	EndGlobalSection
	GlobalSection(ExtensibilityGlobals) = postSolution
		SolutionGuid = {81142DD1-D528-46A0-B6D5-63A6F9850D6B}
	EndGlobalSection
EndGlobal
